
Microsoft Visual Studio Solution File, Format Version 12.00
# Visual Studio Version 17
VisualStudioVersion = 17.3.32929.385
MinimumVisualStudioVersion = 10.0.40219.1
Project("{9A19103F-16F7-4668-BE54-9A1E7A4F7556}") = "assignment0", "assignment1\assignment0.csproj", "{A0923AE0-1C02-44CF-8FF4-54A90337A6A0}"
EndProject
Project("{9A19103F-16F7-4668-BE54-9A1E7A4F7556}") = "assignment1", "assignment2\assignment1.csproj", "{CD6B3051-E569-4650-9C1E-BC44C7EB010F}"
EndProject
Global
	GlobalSection(SolutionConfigurationPlatforms) = preSolution
		Debug|Any CPU = Debug|Any CPU
		Release|Any CPU = Release|Any CPU
	EndGlobalSection
	GlobalSection(ProjectConfigurationPlatforms) = postSolution
		{A0923AE0-1C02-44CF-8FF4-54A90337A6A0}.Debug|Any CPU.ActiveCfg = Debug|Any CPU
		{A0923AE0-1C02-44CF-8FF4-54A90337A6A0}.Debug|Any CPU.Build.0 = Debug|Any CPU
		{A0923AE0-1C02-44CF-8FF4-54A90337A6A0}.Release|Any CPU.ActiveCfg = Release|Any CPU
		{A0923AE0-1C02-44CF-8FF4-54A90337A6A0}.Release|Any CPU.Build.0 = Release|Any CPU
		{CD6B3051-E569-4650-9C1E-BC44C7EB010F}.Debug|Any CPU.ActiveCfg = Debug|Any CPU
		{CD6B3051-E569-4650-9C1E-BC44C7EB010F}.Debug|Any CPU.Build.0 = Debug|Any CPU
		{CD6B3051-E569-4650-9C1E-BC44C7EB010F}.Release|Any CPU.ActiveCfg = Release|Any CPU
		{CD6B3051-E569-4650-9C1E-BC44C7EB010F}.Release|Any CPU.Build.0 = Release|Any CPU
	EndGlobalSection
	GlobalSection(SolutionProperties) = preSolution
		HideSolutionNode = FALSE
	EndGlobalSection
	GlobalSection(ExtensibilityGlobals) = postSolution
		SolutionGuid = {59339024-8E82-47D9-879E-82E1CF3665C4}
	EndGlobalSection
EndGlobal
