
Microsoft Visual Studio Solution File, Format Version 12.00
# Visual Studio Version 17
VisualStudioVersion = 17.3.32825.248
MinimumVisualStudioVersion = 10.0.40219.1
Project("{9A19103F-16F7-4668-BE54-9A1E7A4F7556}") = "assignment1", "assignment1\assignment1.csproj", "{2F21CF6A-0237-44A2-A28C-08C3FA30812E}"
EndProject
Project("{9A19103F-16F7-4668-BE54-9A1E7A4F7556}") = "assignment2", "assignment2\assignment2.csproj", "{28F3C36E-EF04-4C99-9781-6310897B0C3C}"
EndProject
Project("{9A19103F-16F7-4668-BE54-9A1E7A4F7556}") = "assignment3", "assignment3\assignment3.csproj", "{3D8DC54F-AB80-40C9-B1F6-0869C882ADC2}"
EndProject
Project("{9A19103F-16F7-4668-BE54-9A1E7A4F7556}") = "assignment4", "assignment4\assignment4.csproj", "{7CFA97B3-CA69-474E-9E2B-A4156943A0AE}"
EndProject
Project("{9A19103F-16F7-4668-BE54-9A1E7A4F7556}") = "assignment5", "assignment5\assignment5.csproj", "{3C0917E1-0AF4-4ABB-AE83-2F4CC94F07EF}"
EndProject
Project("{9A19103F-16F7-4668-BE54-9A1E7A4F7556}") = "assignment6", "assignment6\assignment6.csproj", "{DED6766C-5D9C-4E0E-B636-02CB90186631}"
EndProject
Project("{9A19103F-16F7-4668-BE54-9A1E7A4F7556}") = "assignment7", "assignment7\assignment7.csproj", "{34D136FE-A96D-4466-996C-BAA40A506163}"
EndProject
Project("{FAE04EC0-301F-11D3-BF4B-00C04F79EFBC}") = "assignment8", "assignment8\assignment8.csproj", "{BD251D39-3263-4F65-BA58-A51E7A3A4C26}"
EndProject
Global
	GlobalSection(SolutionConfigurationPlatforms) = preSolution
		Debug|Any CPU = Debug|Any CPU
		Release|Any CPU = Release|Any CPU
	EndGlobalSection
	GlobalSection(ProjectConfigurationPlatforms) = postSolution
		{2F21CF6A-0237-44A2-A28C-08C3FA30812E}.Debug|Any CPU.ActiveCfg = Debug|Any CPU
		{2F21CF6A-0237-44A2-A28C-08C3FA30812E}.Debug|Any CPU.Build.0 = Debug|Any CPU
		{2F21CF6A-0237-44A2-A28C-08C3FA30812E}.Release|Any CPU.ActiveCfg = Release|Any CPU
		{2F21CF6A-0237-44A2-A28C-08C3FA30812E}.Release|Any CPU.Build.0 = Release|Any CPU
		{28F3C36E-EF04-4C99-9781-6310897B0C3C}.Debug|Any CPU.ActiveCfg = Debug|Any CPU
		{28F3C36E-EF04-4C99-9781-6310897B0C3C}.Debug|Any CPU.Build.0 = Debug|Any CPU
		{28F3C36E-EF04-4C99-9781-6310897B0C3C}.Release|Any CPU.ActiveCfg = Release|Any CPU
		{28F3C36E-EF04-4C99-9781-6310897B0C3C}.Release|Any CPU.Build.0 = Release|Any CPU
		{3D8DC54F-AB80-40C9-B1F6-0869C882ADC2}.Debug|Any CPU.ActiveCfg = Debug|Any CPU
		{3D8DC54F-AB80-40C9-B1F6-0869C882ADC2}.Debug|Any CPU.Build.0 = Debug|Any CPU
		{3D8DC54F-AB80-40C9-B1F6-0869C882ADC2}.Release|Any CPU.ActiveCfg = Release|Any CPU
		{3D8DC54F-AB80-40C9-B1F6-0869C882ADC2}.Release|Any CPU.Build.0 = Release|Any CPU
		{7CFA97B3-CA69-474E-9E2B-A4156943A0AE}.Debug|Any CPU.ActiveCfg = Debug|Any CPU
		{7CFA97B3-CA69-474E-9E2B-A4156943A0AE}.Debug|Any CPU.Build.0 = Debug|Any CPU
		{7CFA97B3-CA69-474E-9E2B-A4156943A0AE}.Release|Any CPU.ActiveCfg = Release|Any CPU
		{7CFA97B3-CA69-474E-9E2B-A4156943A0AE}.Release|Any CPU.Build.0 = Release|Any CPU
		{3C0917E1-0AF4-4ABB-AE83-2F4CC94F07EF}.Debug|Any CPU.ActiveCfg = Debug|Any CPU
		{3C0917E1-0AF4-4ABB-AE83-2F4CC94F07EF}.Debug|Any CPU.Build.0 = Debug|Any CPU
		{3C0917E1-0AF4-4ABB-AE83-2F4CC94F07EF}.Release|Any CPU.ActiveCfg = Release|Any CPU
		{3C0917E1-0AF4-4ABB-AE83-2F4CC94F07EF}.Release|Any CPU.Build.0 = Release|Any CPU
		{DED6766C-5D9C-4E0E-B636-02CB90186631}.Debug|Any CPU.ActiveCfg = Debug|Any CPU
		{DED6766C-5D9C-4E0E-B636-02CB90186631}.Debug|Any CPU.Build.0 = Debug|Any CPU
		{DED6766C-5D9C-4E0E-B636-02CB90186631}.Release|Any CPU.ActiveCfg = Release|Any CPU
		{DED6766C-5D9C-4E0E-B636-02CB90186631}.Release|Any CPU.Build.0 = Release|Any CPU
		{34D136FE-A96D-4466-996C-BAA40A506163}.Debug|Any CPU.ActiveCfg = Debug|Any CPU
		{34D136FE-A96D-4466-996C-BAA40A506163}.Debug|Any CPU.Build.0 = Debug|Any CPU
		{34D136FE-A96D-4466-996C-BAA40A506163}.Release|Any CPU.ActiveCfg = Release|Any CPU
		{34D136FE-A96D-4466-996C-BAA40A506163}.Release|Any CPU.Build.0 = Release|Any CPU
		{BD251D39-3263-4F65-BA58-A51E7A3A4C26}.Debug|Any CPU.ActiveCfg = Debug|Any CPU
		{BD251D39-3263-4F65-BA58-A51E7A3A4C26}.Debug|Any CPU.Build.0 = Debug|Any CPU
		{BD251D39-3263-4F65-BA58-A51E7A3A4C26}.Release|Any CPU.ActiveCfg = Release|Any CPU
		{BD251D39-3263-4F65-BA58-A51E7A3A4C26}.Release|Any CPU.Build.0 = Release|Any CPU
	EndGlobalSection
	GlobalSection(SolutionProperties) = preSolution
		HideSolutionNode = FALSE
	EndGlobalSection
	GlobalSection(ExtensibilityGlobals) = postSolution
		SolutionGuid = {07106117-394C-45B0-8818-281B5E599D2A}
	EndGlobalSection
EndGlobal
